{
    "_readme": [
        "This file locks the dependencies of your project to a known state",
        "Read more about it at https://getcomposer.org/doc/01-basic-usage.md#composer-lock-the-lock-file",
        "This file is @generated automatically"
    ],
    "hash": "39df0d7b39836781192c2937f207efa9",
    "content-hash": "53399f79ac9f1877c74993378b457019",
    "packages": [
        {
            "name": "conceptsandtraining/ente",
            "version": "4.0.0",
            "source": {
                "type": "git",
                "url": "https://github.com/conceptsandtraining/lib-ente.git",
                "reference": "656b99073fa6e649550938e272eca051e2325a6d"
            },
            "dist": {
                "type": "zip",
                "url": "https://api.github.com/repos/conceptsandtraining/lib-ente/zipball/656b99073fa6e649550938e272eca051e2325a6d",
                "reference": "656b99073fa6e649550938e272eca051e2325a6d",
                "shasum": ""
            },
            "require-dev": {
                "phpunit/phpunit": "^5.6"
            },
            "type": "library",
            "autoload": {
                "psr-4": {
                    "CaT\\Ente\\": "src"
                }
            },
            "notification-url": "https://packagist.org/downloads/",
            "license": [
                "GPL-3.0-or-later"
            ],
            "authors": [
                {
                    "name": "Richard Klees",
                    "email": "richard.klees@concepts-and-training.de"
                }
            ],
            "description": "An entity component framework for ILIAS.",
            "time": "2018-08-23 14:29:44"
        }
    ],
    "packages-dev": [],
    "aliases": [],
    "minimum-stability": "stable",
    "stability-flags": [],
    "prefer-stable": false,
    "prefer-lowest": false,
    "platform": [],
    "platform-dev": []
}
